// !$*UTF8*$!
{
	archiveVersion = 1;
	classes = {
	};
	objectVersion = 46;
	objects = {

/* Begin PBXBuildFile section */
		063A87BEE7B040CA0B432C24 /* SatellicaLogo.swift in Sources */ = {isa = PBXBuildFile; fileRef = 1006F6AAD4AEC7495939B973 /* SatellicaLogo.swift */; };
		0ED1F7CBA74F44E0C41136A5 /* RecorderConstants.swift in Sources */ = {isa = PBXBuildFile; fileRef = 2EF8A255CA319B179FAB7F6E /* RecorderConstants.swift */; };
		1858C9B1147FC8D2A4E45AC8 /* RecorderApp.swift in Sources */ = {isa = PBXBuildFile; fileRef = 4CE6C367CC9482BEBF060FF5 /* RecorderApp.swift */; };
		19F7A98B1FED14C55F33B299 /* BroadcastExtension.appex in Embed Foundation Extensions */ = {isa = PBXBuildFile; fileRef = FE48E24ECD5E567049B60E68 /* BroadcastExtension.appex */; };
		2584E6D511C2B31AA2C16D72 /* Assets.xcassets in Resources */ = {isa = PBXBuildFile; fileRef = 345242CE7A46D790AA71BB12 /* Assets.xcassets */; };
		35C16DE4C7BF2069A528E887 /* StopView.swift in Sources */ = {isa = PBXBuildFile; fileRef = C2F81BE3AE47E95B48FB8C23 /* StopView.swift */; };
		3C38640F2945E912C8E40E91 /* Foundation.framework in Frameworks */ = {isa = PBXBuildFile; fileRef = D171C39A0DD723C8824E2435 /* Foundation.framework */; };
		57DC1D2312BC922267135195 /* SessionWebView.swift in Sources */ = {isa = PBXBuildFile; fileRef = 140A1A853D1E6FD77C18CF61 /* SessionWebView.swift */; };
		8B42AA5D97ECBF4461FDAE33 /* SampleHandler.swift in Sources */ = {isa = PBXBuildFile; fileRef = 433514073C505D09F9FD0599 /* SampleHandler.swift */; };
		93CBFA7C59D0B143BD44921A /* Foundation.framework in Frameworks */ = {isa = PBXBuildFile; fileRef = D171C39A0DD723C8824E2435 /* Foundation.framework */; };
		9E8F98C300212FE1C6A9FC70 /* ChunkUploader.swift in Sources */ = {isa = PBXBuildFile; fileRef = 719BFA4E801BC4544F58CC02 /* ChunkUploader.swift */; };
		AA11BB22CC33DD44EE55FF01 /* CallAudioSessionManager.swift in Sources */ = {isa = PBXBuildFile; fileRef = AA11BB22CC33DD44EE55FF02 /* CallAudioSessionManager.swift */; };
		AA11BB22CC33DD44EE55FF03 /* SessionDiagnostics.swift in Sources */ = {isa = PBXBuildFile; fileRef = AA11BB22CC33DD44EE55FF04 /* SessionDiagnostics.swift */; };
		ADE3654B4CFAF66FD8FF45B9 /* Theme.swift in Sources */ = {isa = PBXBuildFile; fileRef = BAF3F29FF1A40AA3AA7A25CB /* Theme.swift */; };
		C38A286BFF8D5672E9539C4E /* StartView.swift in Sources */ = {isa = PBXBuildFile; fileRef = E960E981E4C02677AEA71006 /* StartView.swift */; };
		CC02DEC3774CC60EB63F6079 /* BroadcastTrigger.swift in Sources */ = {isa = PBXBuildFile; fileRef = D0AB9AEE5C6E224CE0B8BA6A /* BroadcastTrigger.swift */; };
		E86CC19804ACC4A8DA967A98 /* RecorderConstants.swift in Sources */ = {isa = PBXBuildFile; fileRef = 2EF8A255CA319B179FAB7F6E /* RecorderConstants.swift */; };
		F4D317050A36FD4A975953F4 /* HomeView.swift in Sources */ = {isa = PBXBuildFile; fileRef = 1652FBC8ACB86C56C6D7E8D1 /* HomeView.swift */; };
		F6B139EEFF608B5812520FA4 /* SessionManager.swift in Sources */ = {isa = PBXBuildFile; fileRef = 8FC7EF88B854F94E47963C3B /* SessionManager.swift */; };
/* End PBXBuildFile section */

/* Begin PBXContainerItemProxy section */
		7849B9892B2C3BD7BA9384D7 /* PBXContainerItemProxy */ = {
			isa = PBXContainerItemProxy;
			containerPortal = C2F6869F85F000024F4D522E /* Project object */;
			proxyType = 1;
			remoteGlobalIDString = 29D9C8E88397236A71C8D8AA;
			remoteInfo = BroadcastExtension;
		};
/* End PBXContainerItemProxy section */

/* Begin PBXCopyFilesBuildPhase section */
		5D0E2462B2DE4245F7F088FA /* Embed Foundation Extensions */ = {
			isa = PBXCopyFilesBuildPhase;
			buildActionMask = 2147483647;
			dstPath = "";
			dstSubfolderSpec = 13;
			files = (
				19F7A98B1FED14C55F33B299 /* BroadcastExtension.appex in Embed Foundation Extensions */,
			);
			name = "Embed Foundation Extensions";
			runOnlyForDeploymentPostprocessing = 0;
		};
/* End PBXCopyFilesBuildPhase section */

/* Begin PBXFileReference section */
		1006F6AAD4AEC7495939B973 /* SatellicaLogo.swift */ = {isa = PBXFileReference; includeInIndex = 1; lastKnownFileType = sourcecode.swift; name = SatellicaLogo.swift; path = Views/SatellicaLogo.swift; sourceTree = "<group>"; };
		140A1A853D1E6FD77C18CF61 /* SessionWebView.swift */ = {isa = PBXFileReference; includeInIndex = 1; lastKnownFileType = sourcecode.swift; name = SessionWebView.swift; path = Views/SessionWebView.swift; sourceTree = "<group>"; };
		1652FBC8ACB86C56C6D7E8D1 /* HomeView.swift */ = {isa = PBXFileReference; includeInIndex = 1; lastKnownFileType = sourcecode.swift; name = HomeView.swift; path = Views/HomeView.swift; sourceTree = "<group>"; };
		2EF8A255CA319B179FAB7F6E /* RecorderConstants.swift */ = {isa = PBXFileReference; includeInIndex = 1; lastKnownFileType = sourcecode.swift; path = RecorderConstants.swift; sourceTree = "<group>"; };
		345242CE7A46D790AA71BB12 /* Assets.xcassets */ = {isa = PBXFileReference; includeInIndex = 1; lastKnownFileType = folder.assetcatalog; path = Assets.xcassets; sourceTree = "<group>"; };
		433514073C505D09F9FD0599 /* SampleHandler.swift */ = {isa = PBXFileReference; includeInIndex = 1; lastKnownFileType = sourcecode.swift; path = SampleHandler.swift; sourceTree = "<group>"; };
		4CE6C367CC9482BEBF060FF5 /* RecorderApp.swift */ = {isa = PBXFileReference; includeInIndex = 1; lastKnownFileType = sourcecode.swift; path = RecorderApp.swift; sourceTree = "<group>"; };
		719BFA4E801BC4544F58CC02 /* ChunkUploader.swift */ = {isa = PBXFileReference; includeInIndex = 1; lastKnownFileType = sourcecode.swift; name = ChunkUploader.swift; path = Services/ChunkUploader.swift; sourceTree = "<group>"; };
		8FC7EF88B854F94E47963C3B /* SessionManager.swift */ = {isa = PBXFileReference; includeInIndex = 1; lastKnownFileType = sourcecode.swift; name = SessionManager.swift; path = Services/SessionManager.swift; sourceTree = "<group>"; };
		AA11BB22CC33DD44EE55FF02 /* CallAudioSessionManager.swift */ = {isa = PBXFileReference; includeInIndex = 1; lastKnownFileType = sourcecode.swift; name = CallAudioSessionManager.swift; path = Services/CallAudioSessionManager.swift; sourceTree = "<group>"; };
		AA11BB22CC33DD44EE55FF04 /* SessionDiagnostics.swift */ = {isa = PBXFileReference; includeInIndex = 1; lastKnownFileType = sourcecode.swift; name = SessionDiagnostics.swift; path = Services/SessionDiagnostics.swift; sourceTree = "<group>"; };
		BAF3F29FF1A40AA3AA7A25CB /* Theme.swift */ = {isa = PBXFileReference; includeInIndex = 1; lastKnownFileType = sourcecode.swift; path = Theme.swift; sourceTree = "<group>"; };
		BE41C189584CA909D2C55D8E /* SatellicaRecorder.app */ = {isa = PBXFileReference; explicitFileType = wrapper.application; includeInIndex = 0; path = SatellicaRecorder.app; sourceTree = BUILT_PRODUCTS_DIR; };
		C2F81BE3AE47E95B48FB8C23 /* StopView.swift */ = {isa = PBXFileReference; includeInIndex = 1; lastKnownFileType = sourcecode.swift; name = StopView.swift; path = Views/StopView.swift; sourceTree = "<group>"; };
		D0AB9AEE5C6E224CE0B8BA6A /* BroadcastTrigger.swift */ = {isa = PBXFileReference; includeInIndex = 1; lastKnownFileType = sourcecode.swift; name = BroadcastTrigger.swift; path = Services/BroadcastTrigger.swift; sourceTree = "<group>"; };
		D171C39A0DD723C8824E2435 /* Foundation.framework */ = {isa = PBXFileReference; lastKnownFileType = wrapper.framework; name = Foundation.framework; path = Platforms/iPhoneOS.platform/Developer/SDKs/iPhoneOS18.0.sdk/System/Library/Frameworks/Foundation.framework; sourceTree = DEVELOPER_DIR; };
		E960E981E4C02677AEA71006 /* StartView.swift */ = {isa = PBXFileReference; includeInIndex = 1; lastKnownFileType = sourcecode.swift; name = StartView.swift; path = Views/StartView.swift; sourceTree = "<group>"; };
		FE48E24ECD5E567049B60E68 /* BroadcastExtension.appex */ = {isa = PBXFileReference; explicitFileType = "wrapper.app-extension"; includeInIndex = 0; path = BroadcastExtension.appex; sourceTree = BUILT_PRODUCTS_DIR; };
/* End PBXFileReference section */

/* Begin PBXFrameworksBuildPhase section */
		03FD751799F94F23A8CB6011 /* Frameworks */ = {
			isa = PBXFrameworksBuildPhase;
			buildActionMask = 2147483647;
			files = (
				3C38640F2945E912C8E40E91 /* Foundation.framework in Frameworks */,
			);
			runOnlyForDeploymentPostprocessing = 0;
		};
		F1D34442574EB654B518BF06 /* Frameworks */ = {
			isa = PBXFrameworksBuildPhase;
			buildActionMask = 2147483647;
			files = (
				93CBFA7C59D0B143BD44921A /* Foundation.framework in Frameworks */,
			);
			runOnlyForDeploymentPostprocessing = 0;
		};
/* End PBXFrameworksBuildPhase section */

/* Begin PBXGroup section */
		753B920AC1CE10E22F17BEE5 /* App */ = {
			isa = PBXGroup;
			children = (
				4CE6C367CC9482BEBF060FF5 /* RecorderApp.swift */,
				D0AB9AEE5C6E224CE0B8BA6A /* BroadcastTrigger.swift */,
				719BFA4E801BC4544F58CC02 /* ChunkUploader.swift */,
				8FC7EF88B854F94E47963C3B /* SessionManager.swift */,
				AA11BB22CC33DD44EE55FF02 /* CallAudioSessionManager.swift */,
				AA11BB22CC33DD44EE55FF04 /* SessionDiagnostics.swift */,
				BAF3F29FF1A40AA3AA7A25CB /* Theme.swift */,
				1652FBC8ACB86C56C6D7E8D1 /* HomeView.swift */,
				1006F6AAD4AEC7495939B973 /* SatellicaLogo.swift */,
				140A1A853D1E6FD77C18CF61 /* SessionWebView.swift */,
				E960E981E4C02677AEA71006 /* StartView.swift */,
				C2F81BE3AE47E95B48FB8C23 /* StopView.swift */,
				345242CE7A46D790AA71BB12 /* Assets.xcassets */,
			);
			path = App;
			sourceTree = "<group>";
		};
		759172A1C98F2841E8B1B8BE = {
			isa = PBXGroup;
			children = (
				F9E091C4EA3B13720914C976 /* Products */,
				E9E736CC0286716BFDF7D337 /* Frameworks */,
				F9E93FD9C6FFEBA0E4019456 /* Shared */,
				753B920AC1CE10E22F17BEE5 /* App */,
				AC1CB82389224029312707AB /* BroadcastExtension */,
			);
			sourceTree = "<group>";
		};
		7D205662583899B528AEB7DD /* iOS */ = {
			isa = PBXGroup;
			children = (
				D171C39A0DD723C8824E2435 /* Foundation.framework */,
			);
			name = iOS;
			sourceTree = "<group>";
		};
		AC1CB82389224029312707AB /* BroadcastExtension */ = {
			isa = PBXGroup;
			children = (
				433514073C505D09F9FD0599 /* SampleHandler.swift */,
			);
			path = BroadcastExtension;
			sourceTree = "<group>";
		};
		E9E736CC0286716BFDF7D337 /* Frameworks */ = {
			isa = PBXGroup;
			children = (
				7D205662583899B528AEB7DD /* iOS */,
			);
			name = Frameworks;
			sourceTree = "<group>";
		};
		F9E091C4EA3B13720914C976 /* Products */ = {
			isa = PBXGroup;
			children = (
				BE41C189584CA909D2C55D8E /* SatellicaRecorder.app */,
				FE48E24ECD5E567049B60E68 /* BroadcastExtension.appex */,
			);
			name = Products;
			sourceTree = "<group>";
		};
		F9E93FD9C6FFEBA0E4019456 /* Shared */ = {
			isa = PBXGroup;
			children = (
				2EF8A255CA319B179FAB7F6E /* RecorderConstants.swift */,
			);
			path = Shared;
			sourceTree = "<group>";
		};
/* End PBXGroup section */

/* Begin PBXNativeTarget section */
		29D9C8E88397236A71C8D8AA /* BroadcastExtension */ = {
			isa = PBXNativeTarget;
			buildConfigurationList = 05FC543BA5641B43ECD57504 /* Build configuration list for PBXNativeTarget "BroadcastExtension" */;
			buildPhases = (
				19EB8C639E1CE0980C86B334 /* Sources */,
				03FD751799F94F23A8CB6011 /* Frameworks */,
				74B27E5AF0E2A413349F425C /* Resources */,
			);
			buildRules = (
			);
			dependencies = (
			);
			name = BroadcastExtension;
			productName = BroadcastExtension;
			productReference = FE48E24ECD5E567049B60E68 /* BroadcastExtension.appex */;
			productType = "com.apple.product-type.app-extension";
		};
		D5FF6110F3498176CB42E8DE /* SatellicaRecorder */ = {
			isa = PBXNativeTarget;
			buildConfigurationList = 0F8DACCBB5F9A17AA8E967A3 /* Build configuration list for PBXNativeTarget "SatellicaRecorder" */;
			buildPhases = (
				61730F410719175D0C572A2E /* Sources */,
				F1D34442574EB654B518BF06 /* Frameworks */,
				7CDFE9872A99FBD71A08AF6B /* Resources */,
				5D0E2462B2DE4245F7F088FA /* Embed Foundation Extensions */,
			);
			buildRules = (
			);
			dependencies = (
				0B8BC22DE9A9769509ACA288 /* PBXTargetDependency */,
			);
			name = SatellicaRecorder;
			productName = SatellicaRecorder;
			productReference = BE41C189584CA909D2C55D8E /* SatellicaRecorder.app */;
			productType = "com.apple.product-type.application";
		};
/* End PBXNativeTarget section */

/* Begin PBXProject section */
		C2F6869F85F000024F4D522E /* Project object */ = {
			isa = PBXProject;
			attributes = {
				LastSwiftUpdateCheck = 1600;
				LastUpgradeCheck = 1600;
				TargetAttributes = {
					29D9C8E88397236A71C8D8AA = {
						DevelopmentTeam = 8DY9BHVM5A;
						ProvisioningStyle = Automatic;
					};
					D5FF6110F3498176CB42E8DE = {
						DevelopmentTeam = 8DY9BHVM5A;
						ProvisioningStyle = Automatic;
					};
				};
			};
			buildConfigurationList = 21E4CDA59FE57E2F38694EF7 /* Build configuration list for PBXProject "SatellicaRecorder" */;
			compatibilityVersion = "Xcode 3.2";
			developmentRegion = en;
			hasScannedForEncodings = 0;
			knownRegions = (
				en,
				Base,
			);
			mainGroup = 759172A1C98F2841E8B1B8BE;
			productRefGroup = F9E091C4EA3B13720914C976 /* Products */;
			projectDirPath = "";
			projectRoot = "";
			targets = (
				D5FF6110F3498176CB42E8DE /* SatellicaRecorder */,
				29D9C8E88397236A71C8D8AA /* BroadcastExtension */,
			);
		};
/* End PBXProject section */

/* Begin PBXResourcesBuildPhase section */
		74B27E5AF0E2A413349F425C /* Resources */ = {
			isa = PBXResourcesBuildPhase;
			buildActionMask = 2147483647;
			files = (
			);
			runOnlyForDeploymentPostprocessing = 0;
		};
		7CDFE9872A99FBD71A08AF6B /* Resources */ = {
			isa = PBXResourcesBuildPhase;
			buildActionMask = 2147483647;
			files = (
				2584E6D511C2B31AA2C16D72 /* Assets.xcassets in Resources */,
			);
			runOnlyForDeploymentPostprocessing = 0;
		};
/* End PBXResourcesBuildPhase section */

/* Begin PBXSourcesBuildPhase section */
		19EB8C639E1CE0980C86B334 /* Sources */ = {
			isa = PBXSourcesBuildPhase;
			buildActionMask = 2147483647;
			files = (
				E86CC19804ACC4A8DA967A98 /* RecorderConstants.swift in Sources */,
				8B42AA5D97ECBF4461FDAE33 /* SampleHandler.swift in Sources */,
			);
			runOnlyForDeploymentPostprocessing = 0;
		};
		61730F410719175D0C572A2E /* Sources */ = {
			isa = PBXSourcesBuildPhase;
			buildActionMask = 2147483647;
			files = (
				0ED1F7CBA74F44E0C41136A5 /* RecorderConstants.swift in Sources */,
				1858C9B1147FC8D2A4E45AC8 /* RecorderApp.swift in Sources */,
				CC02DEC3774CC60EB63F6079 /* BroadcastTrigger.swift in Sources */,
				9E8F98C300212FE1C6A9FC70 /* ChunkUploader.swift in Sources */,
				F6B139EEFF608B5812520FA4 /* SessionManager.swift in Sources */,
				AA11BB22CC33DD44EE55FF01 /* CallAudioSessionManager.swift in Sources */,
				AA11BB22CC33DD44EE55FF03 /* SessionDiagnostics.swift in Sources */,
				ADE3654B4CFAF66FD8FF45B9 /* Theme.swift in Sources */,
				F4D317050A36FD4A975953F4 /* HomeView.swift in Sources */,
				063A87BEE7B040CA0B432C24 /* SatellicaLogo.swift in Sources */,
				57DC1D2312BC922267135195 /* SessionWebView.swift in Sources */,
				C38A286BFF8D5672E9539C4E /* StartView.swift in Sources */,
				35C16DE4C7BF2069A528E887 /* StopView.swift in Sources */,
			);
			runOnlyForDeploymentPostprocessing = 0;
		};
/* End PBXSourcesBuildPhase section */

/* Begin PBXTargetDependency section */
		0B8BC22DE9A9769509ACA288 /* PBXTargetDependency */ = {
			isa = PBXTargetDependency;
			name = BroadcastExtension;
			target = 29D9C8E88397236A71C8D8AA /* BroadcastExtension */;
			targetProxy = 7849B9892B2C3BD7BA9384D7 /* PBXContainerItemProxy */;
		};
/* End PBXTargetDependency section */

/* Begin XCBuildConfiguration section */
		03A1582D8B1C1F85632BEF36 /* Debug */ = {
			isa = XCBuildConfiguration;
			buildSettings = {
				ASSETCATALOG_COMPILER_APPICON_NAME = AppIcon;
				ASSETCATALOG_COMPILER_GLOBAL_ACCENT_COLOR_NAME = AccentColor;
				CLANG_ENABLE_OBJC_WEAK = NO;
				CODE_SIGN_ENTITLEMENTS = App/SatellicaRecorder.entitlements;
				CODE_SIGN_STYLE = Automatic;
				CURRENT_PROJECT_VERSION = 4;
				DEVELOPMENT_TEAM = 8DY9BHVM5A;
				ENABLE_PREVIEWS = YES;
				GENERATE_INFOPLIST_FILE = YES;
				INFOPLIST_FILE = App/Info.plist;
				INFOPLIST_KEY_CFBundleDisplayName = Satellica;
				INFOPLIST_KEY_NSCameraUsageDescription = "Satellica Recorder uses the camera for video during your study session.";
				INFOPLIST_KEY_NSMicrophoneUsageDescription = "Satellica Recorder uses the microphone to capture your voice during screen recording sessions.";
				INFOPLIST_KEY_UIApplicationSupportsIndirectInputEvents = YES;
				INFOPLIST_KEY_UILaunchScreen_Generation = YES;
				INFOPLIST_KEY_UISupportedInterfaceOrientations = UIInterfaceOrientationPortrait;
				IPHONEOS_DEPLOYMENT_TARGET = 17.0;
				LD_RUNPATH_SEARCH_PATHS = "$(inherited) @executable_path/Frameworks";
				MARKETING_VERSION = 1.0.0;
				PRODUCT_BUNDLE_IDENTIFIER = io.satellica.recorder;
				PRODUCT_NAME = SatellicaRecorder;
				SDKROOT = iphoneos;
				SUPPORTED_PLATFORMS = "iphoneos iphonesimulator";
				SUPPORTS_MACCATALYST = NO;
				SUPPORTS_MAC_DESIGNED_FOR_IPHONE_IPAD = NO;
				SUPPORTS_XR_DESIGNED_FOR_IPHONE_IPAD = NO;
				SWIFT_VERSION = 5.0;
				TARGETED_DEVICE_FAMILY = 1;
			};
			name = Debug;
		};
		238ACD827BA620631DAA980B /* Release */ = {
			isa = XCBuildConfiguration;
			buildSettings = {
				CLANG_ENABLE_OBJC_WEAK = NO;
				CODE_SIGN_ENTITLEMENTS = BroadcastExtension/BroadcastExtension.entitlements;
				CODE_SIGN_STYLE = Automatic;
				CURRENT_PROJECT_VERSION = 4;
				DEVELOPMENT_TEAM = 8DY9BHVM5A;
				GENERATE_INFOPLIST_FILE = YES;
				INFOPLIST_FILE = BroadcastExtension/Info.plist;
				INFOPLIST_KEY_CFBundleDisplayName = "Satellica Broadcast";
				IPHONEOS_DEPLOYMENT_TARGET = 17.0;
				LD_RUNPATH_SEARCH_PATHS = "$(inherited) @executable_path/Frameworks @executable_path/../../Frameworks";
				MARKETING_VERSION = 1.0.0;
				PRODUCT_BUNDLE_IDENTIFIER = io.satellica.recorder.broadcast;
				PRODUCT_NAME = BroadcastExtension;
				SDKROOT = iphoneos;
				SKIP_INSTALL = YES;
				SUPPORTED_PLATFORMS = "iphoneos iphonesimulator";
				SUPPORTS_MACCATALYST = NO;
				SUPPORTS_MAC_DESIGNED_FOR_IPHONE_IPAD = NO;
				SUPPORTS_XR_DESIGNED_FOR_IPHONE_IPAD = NO;
				SWIFT_VERSION = 5.0;
				TARGETED_DEVICE_FAMILY = 1;
				VALIDATE_PRODUCT = YES;
			};
			name = Release;
		};
		596503DA401B29DD30198D3B /* Release */ = {
			isa = XCBuildConfiguration;
			buildSettings = {
				ALWAYS_SEARCH_USER_PATHS = NO;
				CLANG_ANALYZER_NONNULL = YES;
				CLANG_ANALYZER_NUMBER_OBJECT_CONVERSION = YES_AGGRESSIVE;
				CLANG_CXX_LANGUAGE_STANDARD = "gnu++14";
				CLANG_CXX_LIBRARY = "libc++";
				CLANG_ENABLE_MODULES = YES;
				CLANG_ENABLE_OBJC_ARC = YES;
				CLANG_ENABLE_OBJC_WEAK = YES;
				CLANG_WARN_BLOCK_CAPTURE_AUTORELEASING = YES;
				CLANG_WARN_BOOL_CONVERSION = YES;
				CLANG_WARN_COMMA = YES;
				CLANG_WARN_CONSTANT_CONVERSION = YES;
				CLANG_WARN_DEPRECATED_OBJC_IMPLEMENTATIONS = YES;
				CLANG_WARN_DIRECT_OBJC_ISA_USAGE = YES_ERROR;
				CLANG_WARN_DOCUMENTATION_COMMENTS = YES;
				CLANG_WARN_EMPTY_BODY = YES;
				CLANG_WARN_ENUM_CONVERSION = YES;
				CLANG_WARN_INFINITE_RECURSION = YES;
				CLANG_WARN_INT_CONVERSION = YES;
				CLANG_WARN_NON_LITERAL_NULL_CONVERSION = YES;
				CLANG_WARN_OBJC_IMPLICIT_RETAIN_SELF = YES;
				CLANG_WARN_OBJC_LITERAL_CONVERSION = YES;
				CLANG_WARN_OBJC_ROOT_CLASS = YES_ERROR;
				CLANG_WARN_QUOTED_INCLUDE_IN_FRAMEWORK_HEADER = YES;
				CLANG_WARN_RANGE_LOOP_ANALYSIS = YES;
				CLANG_WARN_STRICT_PROTOTYPES = YES;
				CLANG_WARN_SUSPICIOUS_MOVE = YES;
				CLANG_WARN_UNGUARDED_AVAILABILITY = YES_AGGRESSIVE;
				CLANG_WARN_UNREACHABLE_CODE = YES;
				CLANG_WARN__DUPLICATE_METHOD_MATCH = YES;
				COPY_PHASE_STRIP = NO;
				DEBUG_INFORMATION_FORMAT = "dwarf-with-dsym";
				ENABLE_NS_ASSERTIONS = NO;
				ENABLE_STRICT_OBJC_MSGSEND = YES;
				GCC_C_LANGUAGE_STANDARD = gnu11;
				GCC_NO_COMMON_BLOCKS = YES;
				GCC_WARN_64_TO_32_BIT_CONVERSION = YES;
				GCC_WARN_ABOUT_RETURN_TYPE = YES_ERROR;
				GCC_WARN_UNDECLARED_SELECTOR = YES;
				GCC_WARN_UNINITIALIZED_AUTOS = YES_AGGRESSIVE;
				GCC_WARN_UNUSED_FUNCTION = YES;
				GCC_WARN_UNUSED_VARIABLE = YES;
				MTL_ENABLE_DEBUG_INFO = NO;
				MTL_FAST_MATH = YES;
				PRODUCT_NAME = "$(TARGET_NAME)";
				SWIFT_OPTIMIZATION_LEVEL = "-Owholemodule";
				SWIFT_VERSION = 5.0;
			};
			name = Release;
		};
		6396CF0A6ED8C87B77945052 /* Release */ = {
			isa = XCBuildConfiguration;
			buildSettings = {
				ASSETCATALOG_COMPILER_APPICON_NAME = AppIcon;
				ASSETCATALOG_COMPILER_GLOBAL_ACCENT_COLOR_NAME = AccentColor;
				CLANG_ENABLE_OBJC_WEAK = NO;
				CODE_SIGN_ENTITLEMENTS = App/SatellicaRecorder.entitlements;
				CODE_SIGN_STYLE = Automatic;
				CURRENT_PROJECT_VERSION = 4;
				DEVELOPMENT_TEAM = 8DY9BHVM5A;
				ENABLE_PREVIEWS = YES;
				GENERATE_INFOPLIST_FILE = YES;
				INFOPLIST_FILE = App/Info.plist;
				INFOPLIST_KEY_CFBundleDisplayName = Satellica;
				INFOPLIST_KEY_NSCameraUsageDescription = "Satellica Recorder uses the camera for video during your study session.";
				INFOPLIST_KEY_NSMicrophoneUsageDescription = "Satellica Recorder uses the microphone to capture your voice during screen recording sessions.";
				INFOPLIST_KEY_UIApplicationSupportsIndirectInputEvents = YES;
				INFOPLIST_KEY_UILaunchScreen_Generation = YES;
				INFOPLIST_KEY_UISupportedInterfaceOrientations = UIInterfaceOrientationPortrait;
				IPHONEOS_DEPLOYMENT_TARGET = 17.0;
				LD_RUNPATH_SEARCH_PATHS = "$(inherited) @executable_path/Frameworks";
				MARKETING_VERSION = 1.0.0;
				PRODUCT_BUNDLE_IDENTIFIER = io.satellica.recorder;
				PRODUCT_NAME = SatellicaRecorder;
				SDKROOT = iphoneos;
				SUPPORTED_PLATFORMS = "iphoneos iphonesimulator";
				SUPPORTS_MACCATALYST = NO;
				SUPPORTS_MAC_DESIGNED_FOR_IPHONE_IPAD = NO;
				SUPPORTS_XR_DESIGNED_FOR_IPHONE_IPAD = NO;
				SWIFT_VERSION = 5.0;
				TARGETED_DEVICE_FAMILY = 1;
				VALIDATE_PRODUCT = YES;
			};
			name = Release;
		};
		6F1468E5E4D8E8A7375321FB /* Debug */ = {
			isa = XCBuildConfiguration;
			buildSettings = {
				ALWAYS_SEARCH_USER_PATHS = NO;
				CLANG_ANALYZER_NONNULL = YES;
				CLANG_ANALYZER_NUMBER_OBJECT_CONVERSION = YES_AGGRESSIVE;
				CLANG_CXX_LANGUAGE_STANDARD = "gnu++14";
				CLANG_CXX_LIBRARY = "libc++";
				CLANG_ENABLE_MODULES = YES;
				CLANG_ENABLE_OBJC_ARC = YES;
				CLANG_ENABLE_OBJC_WEAK = YES;
				CLANG_WARN_BLOCK_CAPTURE_AUTORELEASING = YES;
				CLANG_WARN_BOOL_CONVERSION = YES;
				CLANG_WARN_COMMA = YES;
				CLANG_WARN_CONSTANT_CONVERSION = YES;
				CLANG_WARN_DEPRECATED_OBJC_IMPLEMENTATIONS = YES;
				CLANG_WARN_DIRECT_OBJC_ISA_USAGE = YES_ERROR;
				CLANG_WARN_DOCUMENTATION_COMMENTS = YES;
				CLANG_WARN_EMPTY_BODY = YES;
				CLANG_WARN_ENUM_CONVERSION = YES;
				CLANG_WARN_INFINITE_RECURSION = YES;
				CLANG_WARN_INT_CONVERSION = YES;
				CLANG_WARN_NON_LITERAL_NULL_CONVERSION = YES;
				CLANG_WARN_OBJC_IMPLICIT_RETAIN_SELF = YES;
				CLANG_WARN_OBJC_LITERAL_CONVERSION = YES;
				CLANG_WARN_OBJC_ROOT_CLASS = YES_ERROR;
				CLANG_WARN_QUOTED_INCLUDE_IN_FRAMEWORK_HEADER = YES;
				CLANG_WARN_RANGE_LOOP_ANALYSIS = YES;
				CLANG_WARN_STRICT_PROTOTYPES = YES;
				CLANG_WARN_SUSPICIOUS_MOVE = YES;
				CLANG_WARN_UNGUARDED_AVAILABILITY = YES_AGGRESSIVE;
				CLANG_WARN_UNREACHABLE_CODE = YES;
				CLANG_WARN__DUPLICATE_METHOD_MATCH = YES;
				COPY_PHASE_STRIP = NO;
				DEBUG_INFORMATION_FORMAT = dwarf;
				ENABLE_STRICT_OBJC_MSGSEND = YES;
				ENABLE_TESTABILITY = YES;
				GCC_C_LANGUAGE_STANDARD = gnu11;
				GCC_DYNAMIC_NO_PIC = NO;
				GCC_NO_COMMON_BLOCKS = YES;
				GCC_OPTIMIZATION_LEVEL = 0;
				GCC_PREPROCESSOR_DEFINITIONS = (
					"DEBUG=1",
					"$(inherited)",
				);
				GCC_WARN_64_TO_32_BIT_CONVERSION = YES;
				GCC_WARN_ABOUT_RETURN_TYPE = YES_ERROR;
				GCC_WARN_UNDECLARED_SELECTOR = YES;
				GCC_WARN_UNINITIALIZED_AUTOS = YES_AGGRESSIVE;
				GCC_WARN_UNUSED_FUNCTION = YES;
				GCC_WARN_UNUSED_VARIABLE = YES;
				MTL_ENABLE_DEBUG_INFO = INCLUDE_SOURCE;
				MTL_FAST_MATH = YES;
				ONLY_ACTIVE_ARCH = YES;
				PRODUCT_NAME = "$(TARGET_NAME)";
				SWIFT_ACTIVE_COMPILATION_CONDITIONS = DEBUG;
				SWIFT_OPTIMIZATION_LEVEL = "-Onone";
				SWIFT_VERSION = 5.0;
			};
			name = Debug;
		};
		9D4E1D2EDEA62141690FA894 /* Debug */ = {
			isa = XCBuildConfiguration;
			buildSettings = {
				CLANG_ENABLE_OBJC_WEAK = NO;
				CODE_SIGN_ENTITLEMENTS = BroadcastExtension/BroadcastExtension.entitlements;
				CODE_SIGN_STYLE = Automatic;
				CURRENT_PROJECT_VERSION = 4;
				DEVELOPMENT_TEAM = 8DY9BHVM5A;
				GENERATE_INFOPLIST_FILE = YES;
				INFOPLIST_FILE = BroadcastExtension/Info.plist;
				INFOPLIST_KEY_CFBundleDisplayName = "Satellica Broadcast";
				IPHONEOS_DEPLOYMENT_TARGET = 17.0;
				LD_RUNPATH_SEARCH_PATHS = "$(inherited) @executable_path/Frameworks @executable_path/../../Frameworks";
				MARKETING_VERSION = 1.0.0;
				PRODUCT_BUNDLE_IDENTIFIER = io.satellica.recorder.broadcast;
				PRODUCT_NAME = BroadcastExtension;
				SDKROOT = iphoneos;
				SKIP_INSTALL = YES;
				SUPPORTED_PLATFORMS = "iphoneos iphonesimulator";
				SUPPORTS_MACCATALYST = NO;
				SUPPORTS_MAC_DESIGNED_FOR_IPHONE_IPAD = NO;
				SUPPORTS_XR_DESIGNED_FOR_IPHONE_IPAD = NO;
				SWIFT_VERSION = 5.0;
				TARGETED_DEVICE_FAMILY = 1;
			};
			name = Debug;
		};
/* End XCBuildConfiguration section */

/* Begin XCConfigurationList section */
		05FC543BA5641B43ECD57504 /* Build configuration list for PBXNativeTarget "BroadcastExtension" */ = {
			isa = XCConfigurationList;
			buildConfigurations = (
				238ACD827BA620631DAA980B /* Release */,
				9D4E1D2EDEA62141690FA894 /* Debug */,
			);
			defaultConfigurationIsVisible = 0;
			defaultConfigurationName = Release;
		};
		0F8DACCBB5F9A17AA8E967A3 /* Build configuration list for PBXNativeTarget "SatellicaRecorder" */ = {
			isa = XCConfigurationList;
			buildConfigurations = (
				6396CF0A6ED8C87B77945052 /* Release */,
				03A1582D8B1C1F85632BEF36 /* Debug */,
			);
			defaultConfigurationIsVisible = 0;
			defaultConfigurationName = Release;
		};
		21E4CDA59FE57E2F38694EF7 /* Build configuration list for PBXProject "SatellicaRecorder" */ = {
			isa = XCConfigurationList;
			buildConfigurations = (
				6F1468E5E4D8E8A7375321FB /* Debug */,
				596503DA401B29DD30198D3B /* Release */,
			);
			defaultConfigurationIsVisible = 0;
			defaultConfigurationName = Release;
		};
/* End XCConfigurationList section */
	};
	rootObject = C2F6869F85F000024F4D522E /* Project object */;
}
